%{
  "assent": {:hex, :assent, "0.2.0", "30bb4d91ec896bc73894df0ce0ead139ff5c1181e70d210318ccc1397a9e915b", [:mix], [{:castore, "~> 0.1.0", [hex: :castore, repo: "hexpm", optional: true]}, {:certifi, ">= 0.0.0", [hex: :certifi, repo: "hexpm", optional: true]}, {:jose, "~> 1.8", [hex: :jose, repo: "hexpm", optional: true]}, {:mint, "~> 1.0", [hex: :mint, repo: "hexpm", optional: true]}, {:ssl_verify_fun, ">= 0.0.0", [hex: :ssl_verify_fun, repo: "hexpm", optional: true]}], "hexpm", "3d5dab4bffab15eef4f3b8f7d9c23d31fae32a6b538aeab56a568d36b361cce6"},
  "certifi": {:hex, :certifi, "2.9.0", "6f2a475689dd47f19fb74334859d460a2dc4e3252a3324bd2111b8f0429e7e21", [:rebar3], [], "hexpm", "266da46bdb06d6c6d35fde799bcb28d36d985d424ad7c08b5bb48f5b5cdd4641"},
  "hackney": {:hex, :hackney, "1.16.0", "5096ac8e823e3a441477b2d187e30dd3fff1a82991a806b2003845ce72ce2d84", [:rebar3], [{:certifi, "2.5.2", [hex: :certifi, repo: "hexpm", optional: false]}, {:idna, "6.0.1", [hex: :idna, repo: "hexpm", optional: false]}, {:metrics, "1.0.1", [hex: :metrics, repo: "hexpm", optional: false]}, {:mimerl, "~>1.1", [hex: :mimerl, repo: "hexpm", optional: false]}, {:parse_trans, "3.3.0", [hex: :parse_trans, repo: "hexpm", optional: false]}, {:ssl_verify_fun, "1.1.6", [hex: :ssl_verify_fun, repo: "hexpm", optional: false]}], "hexpm", "3bf0bebbd5d3092a3543b783bf065165fa5d3ad4b899b836810e513064134e18"},
  "httpoison": {:hex, :httpoison, "1.7.0", "abba7d086233c2d8574726227b6c2c4f6e53c4deae7fe5f6de531162ce9929a0", [:mix], [{:hackney, "~> 1.16", [hex: :hackney, repo: "hexpm", optional: false]}], "hexpm", "975cc87c845a103d3d1ea1ccfd68a2700c211a434d8428b10c323dc95dc5b980"},
  "idna": {:hex, :idna, "6.0.1", "1d038fb2e7668ce41fbf681d2c45902e52b3cb9e9c77b55334353b222c2ee50c", [:rebar3], [{:unicode_util_compat, "0.5.0", [hex: :unicode_util_compat, repo: "hexpm", optional: false]}], "hexpm", "a02c8a1c4fd601215bb0b0324c8a6986749f807ce35f25449ec9e69758708122"},
  "jason": {:hex, :jason, "1.2.1", "12b22825e22f468c02eb3e4b9985f3d0cb8dc40b9bd704730efa11abd2708c44", [:mix], [{:decimal, "~> 1.0", [hex: :decimal, repo: "hexpm", optional: true]}], "hexpm", "b659b8571deedf60f79c5a608e15414085fa141344e2716fbd6988a084b5f993"},
  "joken": {:hex, :joken, "2.4.1", "63a6e47aaf735637879f31babfad93c936d63b8b7d01c5ef44c7f37689e71ab4", [:mix], [{:jose, "~> 1.11.2", [hex: :jose, repo: "hexpm", optional: false]}], "hexpm", "d4fc7c703112b2dedc4f9ec214856c3a07108c4835f0f174a369521f289c98d1"},
  "jose": {:hex, :jose, "1.11.2", "f4c018ccf4fdce22c71e44d471f15f723cb3efab5d909ab2ba202b5bf35557b3", [:mix, :rebar3], [], "hexpm", "98143fbc48d55f3a18daba82d34fe48959d44538e9697c08f34200fa5f0947d2"},
  "metrics": {:hex, :metrics, "1.0.1", "25f094dea2cda98213cecc3aeff09e940299d950904393b2a29d191c346a8486", [:rebar3], [], "hexpm", "69b09adddc4f74a40716ae54d140f93beb0fb8978d8636eaded0c31b6f099f16"},
  "mime": {:hex, :mime, "2.0.2", "0b9e1a4c840eafb68d820b0e2158ef5c49385d17fb36855ac6e7e087d4b1dcc5", [:mix], [], "hexpm", "e6a3f76b4c277739e36c2e21a2c640778ba4c3846189d5ab19f97f126df5f9b7"},
  "mimerl": {:hex, :mimerl, "1.2.0", "67e2d3f571088d5cfd3e550c383094b47159f3eee8ffa08e64106cdf5e981be3", [:rebar3], [], "hexpm", "f278585650aa581986264638ebf698f8bb19df297f66ad91b18910dfc6e19323"},
  "openid_connect": {:hex, :openid_connect, "0.2.2", "c05055363330deab39ffd89e609db6b37752f255a93802006d83b45596189c0b", [:mix], [{:httpoison, "~> 1.2", [hex: :httpoison, repo: "hexpm", optional: false]}, {:jason, ">= 1.0.0", [hex: :jason, repo: "hexpm", optional: false]}, {:jose, "~> 1.8", [hex: :jose, repo: "hexpm", optional: false]}], "hexpm", "735769b6d592124b58edd0582554ce638524c0214cd783d8903d33357d74cc13"},
  "parse_trans": {:hex, :parse_trans, "3.3.0", "09765507a3c7590a784615cfd421d101aec25098d50b89d7aa1d66646bc571c1", [:rebar3], [], "hexpm", "17ef63abde837ad30680ea7f857dd9e7ced9476cdd7b0394432af4bfc241b960"},
  "phoenix": {:hex, :phoenix, "1.6.10", "7a9e8348c5c62e7fd2f74a1884b88d98251f87186a430048bfbdbab3e3f46736", [:mix], [{:jason, "~> 1.0", [hex: :jason, repo: "hexpm", optional: true]}, {:phoenix_pubsub, "~> 2.0", [hex: :phoenix_pubsub, repo: "hexpm", optional: false]}, {:phoenix_view, "~> 1.0", [hex: :phoenix_view, repo: "hexpm", optional: false]}, {:plug, "~> 1.10", [hex: :plug, repo: "hexpm", optional: false]}, {:plug_cowboy, "~> 2.2", [hex: :plug_cowboy, repo: "hexpm", optional: true]}, {:plug_crypto, "~> 1.2", [hex: :plug_crypto, repo: "hexpm", optional: false]}, {:telemetry, "~> 0.4 or ~> 1.0", [hex: :telemetry, repo: "hexpm", optional: false]}], "hexpm", "08cf70d42f61dd0ea381805bac3cddef57b7b92ade5acc6f6036aa25ecaca9a2"},
  "phoenix_pubsub": {:hex, :phoenix_pubsub, "2.1.1", "ba04e489ef03763bf28a17eb2eaddc2c20c6d217e2150a61e3298b0f4c2012b5", [:mix], [], "hexpm", "81367c6d1eea5878ad726be80808eb5a787a23dee699f96e72b1109c57cdd8d9"},
  "phoenix_view": {:hex, :phoenix_view, "1.1.2", "1b82764a065fb41051637872c7bd07ed2fdb6f5c3bd89684d4dca6e10115c95a", [:mix], [{:phoenix_html, "~> 2.14.2 or ~> 3.0", [hex: :phoenix_html, repo: "hexpm", optional: true]}], "hexpm", "7ae90ad27b09091266f6adbb61e1d2516a7c3d7062c6789d46a7554ec40f3a56"},
  "plug": {:hex, :plug, "1.13.6", "187beb6b67c6cec50503e940f0434ea4692b19384d47e5fdfd701e93cadb4cc2", [:mix], [{:mime, "~> 1.0 or ~> 2.0", [hex: :mime, repo: "hexpm", optional: false]}, {:plug_crypto, "~> 1.1.1 or ~> 1.2", [hex: :plug_crypto, repo: "hexpm", optional: false]}, {:telemetry, "~> 0.4.3 or ~> 1.0", [hex: :telemetry, repo: "hexpm", optional: false]}], "hexpm", "02b9c6b9955bce92c829f31d6284bf53c591ca63c4fb9ff81dfd0418667a34ff"},
  "plug_crypto": {:hex, :plug_crypto, "1.2.2", "05654514ac717ff3a1843204b424477d9e60c143406aa94daf2274fdd280794d", [:mix], [], "hexpm", "87631c7ad914a5a445f0a3809f99b079113ae4ed4b867348dd9eec288cecb6db"},
  "ssl_verify_fun": {:hex, :ssl_verify_fun, "1.1.6", "cf344f5692c82d2cd7554f5ec8fd961548d4fd09e7d22f5b62482e5aeaebd4b0", [:make, :mix, :rebar3], [], "hexpm", "bdb0d2471f453c88ff3908e7686f86f9be327d065cc1ec16fa4540197ea04680"},
  "telemetry": {:hex, :telemetry, "1.1.0", "a589817034a27eab11144ad24d5c0f9fab1f58173274b1e9bae7074af9cbee51", [:rebar3], [], "hexpm", "b727b2a1f75614774cff2d7565b64d0dfa5bd52ba517f16543e6fc7efcc0df48"},
  "unicode_util_compat": {:hex, :unicode_util_compat, "0.5.0", "8516502659002cec19e244ebd90d312183064be95025a319a6c7e89f4bccd65b", [:rebar3], [], "hexpm", "d48d002e15f5cc105a696cf2f1bbb3fc72b4b770a184d8420c8db20da2674b38"},
}
